// !$*UTF8*$!
{
	archiveVersion = 1;
	classes = {
	};
	objectVersion = 46;
	objects = {

/* Begin PBXBuildFile section */
		B88C44591E9B36D00036B15E /* main.m in Sources */ = {isa = PBXBuildFile; fileRef = B88C44581E9B36D00036B15E /* main.m */; };
		B88C445C1E9B36D00036B15E /* AppDelegate.m in Sources */ = {isa = PBXBuildFile; fileRef = B88C445B1E9B36D00036B15E /* AppDelegate.m */; };
		B88C445F1E9B36D00036B15E /* ViewController.m in Sources */ = {isa = PBXBuildFile; fileRef = B88C445E1E9B36D00036B15E /* ViewController.m */; };
		B88C44621E9B36D00036B15E /* Main.storyboard in Resources */ = {isa = PBXBuildFile; fileRef = B88C44601E9B36D00036B15E /* Main.storyboard */; };
		B88C44641E9B36D00036B15E /* Assets.xcassets in Resources */ = {isa = PBXBuildFile; fileRef = B88C44631E9B36D00036B15E /* Assets.xcassets */; };
		B88C44671E9B36D00036B15E /* LaunchScreen.storyboard in Resources */ = {isa = PBXBuildFile; fileRef = B88C44651E9B36D00036B15E /* LaunchScreen.storyboard */; };
		B88C44701E9B37000036B15E /* UIButton+ImageTitleSpacing.m in Sources */ = {isa = PBXBuildFile; fileRef = B88C446F1E9B37000036B15E /* UIButton+ImageTitleSpacing.m */; };
		B88C44721E9B3B460036B15E /* head.png in Resources */ = {isa = PBXBuildFile; fileRef = B88C44711E9B3B460036B15E /* head.png */; };
/* End PBXBuildFile section */

/* Begin PBXFileReference section */
		B88C44541E9B36D00036B15E /* UIButton_ImageTitleSpacing.app */ = {isa = PBXFileReference; explicitFileType = wrapper.application; includeInIndex = 0; path = UIButton_ImageTitleSpacing.app; sourceTree = BUILT_PRODUCTS_DIR; };
		B88C44581E9B36D00036B15E /* main.m */ = {isa = PBXFileReference; lastKnownFileType = sourcecode.c.objc; path = main.m; sourceTree = "<group>"; };
		B88C445A1E9B36D00036B15E /* AppDelegate.h */ = {isa = PBXFileReference; lastKnownFileType = sourcecode.c.h; path = AppDelegate.h; sourceTree = "<group>"; };
		B88C445B1E9B36D00036B15E /* AppDelegate.m */ = {isa = PBXFileReference; lastKnownFileType = sourcecode.c.objc; path = AppDelegate.m; sourceTree = "<group>"; };
		B88C445D1E9B36D00036B15E /* ViewController.h */ = {isa = PBXFileReference; lastKnownFileType = sourcecode.c.h; path = ViewController.h; sourceTree = "<group>"; };
		B88C445E1E9B36D00036B15E /* ViewController.m */ = {isa = PBXFileReference; lastKnownFileType = sourcecode.c.objc; path = ViewController.m; sourceTree = "<group>"; };
		B88C44611E9B36D00036B15E /* Base */ = {isa = PBXFileReference; lastKnownFileType = file.storyboard; name = Base; path = Base.lproj/Main.storyboard; sourceTree = "<group>"; };
		B88C44631E9B36D00036B15E /* Assets.xcassets */ = {isa = PBXFileReference; lastKnownFileType = folder.assetcatalog; path = Assets.xcassets; sourceTree = "<group>"; };
		B88C44661E9B36D00036B15E /* Base */ = {isa = PBXFileReference; lastKnownFileType = file.storyboard; name = Base; path = Base.lproj/LaunchScreen.storyboard; sourceTree = "<group>"; };
		B88C44681E9B36D00036B15E /* Info.plist */ = {isa = PBXFileReference; lastKnownFileType = text.plist.xml; path = Info.plist; sourceTree = "<group>"; };
		B88C446E1E9B37000036B15E /* UIButton+ImageTitleSpacing.h */ = {isa = PBXFileReference; fileEncoding = 4; lastKnownFileType = sourcecode.c.h; path = "UIButton+ImageTitleSpacing.h"; sourceTree = "<group>"; };
		B88C446F1E9B37000036B15E /* UIButton+ImageTitleSpacing.m */ = {isa = PBXFileReference; fileEncoding = 4; lastKnownFileType = sourcecode.c.objc; path = "UIButton+ImageTitleSpacing.m"; sourceTree = "<group>"; };
		B88C44711E9B3B460036B15E /* head.png */ = {isa = PBXFileReference; lastKnownFileType = image.png; path = head.png; sourceTree = "<group>"; };
/* End PBXFileReference section */

/* Begin PBXFrameworksBuildPhase section */
		B88C44511E9B36D00036B15E /* Frameworks */ = {
			isa = PBXFrameworksBuildPhase;
			buildActionMask = 2147483647;
			files = (
			);
			runOnlyForDeploymentPostprocessing = 0;
		};
/* End PBXFrameworksBuildPhase section */

/* Begin PBXGroup section */
		B88C444B1E9B36D00036B15E = {
			isa = PBXGroup;
			children = (
				B88C44561E9B36D00036B15E /* UIButton_ImageTitleSpacing */,
				B88C44551E9B36D00036B15E /* Products */,
			);
			sourceTree = "<group>";
		};
		B88C44551E9B36D00036B15E /* Products */ = {
			isa = PBXGroup;
			children = (
				B88C44541E9B36D00036B15E /* UIButton_ImageTitleSpacing.app */,
			);
			name = Products;
			sourceTree = "<group>";
		};
		B88C44561E9B36D00036B15E /* UIButton_ImageTitleSpacing */ = {
			isa = PBXGroup;
			children = (
				B88C445A1E9B36D00036B15E /* AppDelegate.h */,
				B88C445B1E9B36D00036B15E /* AppDelegate.m */,
				B88C445D1E9B36D00036B15E /* ViewController.h */,
				B88C445E1E9B36D00036B15E /* ViewController.m */,
				B88C446E1E9B37000036B15E /* UIButton+ImageTitleSpacing.h */,
				B88C446F1E9B37000036B15E /* UIButton+ImageTitleSpacing.m */,
				B88C44711E9B3B460036B15E /* head.png */,
				B88C44601E9B36D00036B15E /* Main.storyboard */,
				B88C44631E9B36D00036B15E /* Assets.xcassets */,
				B88C44651E9B36D00036B15E /* LaunchScreen.storyboard */,
				B88C44681E9B36D00036B15E /* Info.plist */,
				B88C44571E9B36D00036B15E /* Supporting Files */,
			);
			path = UIButton_ImageTitleSpacing;
			sourceTree = "<group>";
		};
		B88C44571E9B36D00036B15E /* Supporting Files */ = {
			isa = PBXGroup;
			children = (
				B88C44581E9B36D00036B15E /* main.m */,
			);
			name = "Supporting Files";
			sourceTree = "<group>";
		};
/* End PBXGroup section */

/* Begin PBXNativeTarget section */
		B88C44531E9B36D00036B15E /* UIButton_ImageTitleSpacing */ = {
			isa = PBXNativeTarget;
			buildConfigurationList = B88C446B1E9B36D00036B15E /* Build configuration list for PBXNativeTarget "UIButton_ImageTitleSpacing" */;
			buildPhases = (
				B88C44501E9B36D00036B15E /* Sources */,
				B88C44511E9B36D00036B15E /* Frameworks */,
				B88C44521E9B36D00036B15E /* Resources */,
			);
			buildRules = (
			);
			dependencies = (
			);
			name = UIButton_ImageTitleSpacing;
			productName = UIButton_ImageTitleSpacing;
			productReference = B88C44541E9B36D00036B15E /* UIButton_ImageTitleSpacing.app */;
			productType = "com.apple.product-type.application";
		};
/* End PBXNativeTarget section */

/* Begin PBXProject section */
		B88C444C1E9B36D00036B15E /* Project object */ = {
			isa = PBXProject;
			attributes = {
				LastUpgradeCheck = 0820;
				ORGANIZATIONNAME = gavin;
				TargetAttributes = {
					B88C44531E9B36D00036B15E = {
						CreatedOnToolsVersion = 8.2.1;
						ProvisioningStyle = Automatic;
					};
				};
			};
			buildConfigurationList = B88C444F1E9B36D00036B15E /* Build configuration list for PBXProject "UIButton_ImageTitleSpacing" */;
			compatibilityVersion = "Xcode 3.2";
			developmentRegion = English;
			hasScannedForEncodings = 0;
			knownRegions = (
				en,
				Base,
			);
			mainGroup = B88C444B1E9B36D00036B15E;
			productRefGroup = B88C44551E9B36D00036B15E /* Products */;
			projectDirPath = "";
			projectRoot = "";
			targets = (
				B88C44531E9B36D00036B15E /* UIButton_ImageTitleSpacing */,
			);
		};
/* End PBXProject section */

/* Begin PBXResourcesBuildPhase section */
		B88C44521E9B36D00036B15E /* Resources */ = {
			isa = PBXResourcesBuildPhase;
			buildActionMask = 2147483647;
			files = (
				B88C44671E9B36D00036B15E /* LaunchScreen.storyboard in Resources */,
				B88C44721E9B3B460036B15E /* head.png in Resources */,
				B88C44641E9B36D00036B15E /* Assets.xcassets in Resources */,
				B88C44621E9B36D00036B15E /* Main.storyboard in Resources */,
			);
			runOnlyForDeploymentPostprocessing = 0;
		};
/* End PBXResourcesBuildPhase section */

/* Begin PBXSourcesBuildPhase section */
		B88C44501E9B36D00036B15E /* Sources */ = {
			isa = PBXSourcesBuildPhase;
			buildActionMask = 2147483647;
			files = (
				B88C445F1E9B36D00036B15E /* ViewController.m in Sources */,
				B88C445C1E9B36D00036B15E /* AppDelegate.m in Sources */,
				B88C44701E9B37000036B15E /* UIButton+ImageTitleSpacing.m in Sources */,
				B88C44591E9B36D00036B15E /* main.m in Sources */,
			);
			runOnlyForDeploymentPostprocessing = 0;
		};
/* End PBXSourcesBuildPhase section */

/* Begin PBXVariantGroup section */
		B88C44601E9B36D00036B15E /* Main.storyboard */ = {
			isa = PBXVariantGroup;
			children = (
				B88C44611E9B36D00036B15E /* Base */,
			);
			name = Main.storyboard;
			sourceTree = "<group>";
		};
		B88C44651E9B36D00036B15E /* LaunchScreen.storyboard */ = {
			isa = PBXVariantGroup;
			children = (
				B88C44661E9B36D00036B15E /* Base */,
			);
			name = LaunchScreen.storyboard;
			sourceTree = "<group>";
		};
/* End PBXVariantGroup section */

/* Begin XCBuildConfiguration section */
		B88C44691E9B36D00036B15E /* Debug */ = {
			isa = XCBuildConfiguration;
			buildSettings = {
				ALWAYS_SEARCH_USER_PATHS = NO;
				CLANG_ANALYZER_NONNULL = YES;
				CLANG_CXX_LANGUAGE_STANDARD = "gnu++0x";
				CLANG_CXX_LIBRARY = "libc++";
				CLANG_ENABLE_MODULES = YES;
				CLANG_ENABLE_OBJC_ARC = YES;
				CLANG_WARN_BOOL_CONVERSION = YES;
				CLANG_WARN_CONSTANT_CONVERSION = YES;
				CLANG_WARN_DIRECT_OBJC_ISA_USAGE = YES_ERROR;
				CLANG_WARN_DOCUMENTATION_COMMENTS = YES;
				CLANG_WARN_EMPTY_BODY = YES;
				CLANG_WARN_ENUM_CONVERSION = YES;
				CLANG_WARN_INFINITE_RECURSION = YES;
				CLANG_WARN_INT_CONVERSION = YES;
				CLANG_WARN_OBJC_ROOT_CLASS = YES_ERROR;
				CLANG_WARN_SUSPICIOUS_MOVE = YES;
				CLANG_WARN_UNREACHABLE_CODE = YES;
				CLANG_WARN__DUPLICATE_METHOD_MATCH = YES;
				"CODE_SIGN_IDENTITY[sdk=iphoneos*]" = "iPhone Developer";
				COPY_PHASE_STRIP = NO;
				DEBUG_INFORMATION_FORMAT = dwarf;
				ENABLE_STRICT_OBJC_MSGSEND = YES;
				ENABLE_TESTABILITY = YES;
				GCC_C_LANGUAGE_STANDARD = gnu99;
				GCC_DYNAMIC_NO_PIC = NO;
				GCC_NO_COMMON_BLOCKS = YES;
				GCC_OPTIMIZATION_LEVEL = 0;
				GCC_PREPROCESSOR_DEFINITIONS = (
					"DEBUG=1",
					"$(inherited)",
				);
				GCC_WARN_64_TO_32_BIT_CONVERSION = YES;
				GCC_WARN_ABOUT_RETURN_TYPE = YES_ERROR;
				GCC_WARN_UNDECLARED_SELECTOR = YES;
				GCC_WARN_UNINITIALIZED_AUTOS = YES_AGGRESSIVE;
				GCC_WARN_UNUSED_FUNCTION = YES;
				GCC_WARN_UNUSED_VARIABLE = YES;
				IPHONEOS_DEPLOYMENT_TARGET = 10.2;
				MTL_ENABLE_DEBUG_INFO = YES;
				ONLY_ACTIVE_ARCH = YES;
				SDKROOT = iphoneos;
			};
			name = Debug;
		};
		B88C446A1E9B36D00036B15E /* Release */ = {
			isa = XCBuildConfiguration;
			buildSettings = {
				ALWAYS_SEARCH_USER_PATHS = NO;
				CLANG_ANALYZER_NONNULL = YES;
				CLANG_CXX_LANGUAGE_STANDARD = "gnu++0x";
				CLANG_CXX_LIBRARY = "libc++";
				CLANG_ENABLE_MODULES = YES;
				CLANG_ENABLE_OBJC_ARC = YES;
				CLANG_WARN_BOOL_CONVERSION = YES;
				CLANG_WARN_CONSTANT_CONVERSION = YES;
				CLANG_WARN_DIRECT_OBJC_ISA_USAGE = YES_ERROR;
				CLANG_WARN_DOCUMENTATION_COMMENTS = YES;
				CLANG_WARN_EMPTY_BODY = YES;
				CLANG_WARN_ENUM_CONVERSION = YES;
				CLANG_WARN_INFINITE_RECURSION = YES;
				CLANG_WARN_INT_CONVERSION = YES;
				CLANG_WARN_OBJC_ROOT_CLASS = YES_ERROR;
				CLANG_WARN_SUSPICIOUS_MOVE = YES;
				CLANG_WARN_UNREACHABLE_CODE = YES;
				CLANG_WARN__DUPLICATE_METHOD_MATCH = YES;
				"CODE_SIGN_IDENTITY[sdk=iphoneos*]" = "iPhone Developer";
				COPY_PHASE_STRIP = NO;
				DEBUG_INFORMATION_FORMAT = "dwarf-with-dsym";
				ENABLE_NS_ASSERTIONS = NO;
				ENABLE_STRICT_OBJC_MSGSEND = YES;
				GCC_C_LANGUAGE_STANDARD = gnu99;
				GCC_NO_COMMON_BLOCKS = YES;
				GCC_WARN_64_TO_32_BIT_CONVERSION = YES;
				GCC_WARN_ABOUT_RETURN_TYPE = YES_ERROR;
				GCC_WARN_UNDECLARED_SELECTOR = YES;
				GCC_WARN_UNINITIALIZED_AUTOS = YES_AGGRESSIVE;
				GCC_WARN_UNUSED_FUNCTION = YES;
				GCC_WARN_UNUSED_VARIABLE = YES;
				IPHONEOS_DEPLOYMENT_TARGET = 10.2;
				MTL_ENABLE_DEBUG_INFO = NO;
				SDKROOT = iphoneos;
				VALIDATE_PRODUCT = YES;
			};
			name = Release;
		};
		B88C446C1E9B36D00036B15E /* Debug */ = {
			isa = XCBuildConfiguration;
			buildSettings = {
				ASSETCATALOG_COMPILER_APPICON_NAME = AppIcon;
				INFOPLIST_FILE = UIButton_ImageTitleSpacing/Info.plist;
				LD_RUNPATH_SEARCH_PATHS = "$(inherited) @executable_path/Frameworks";
				PRODUCT_BUNDLE_IDENTIFIER = "com.gavin.UIButton-ImageTitleSpacing";
				PRODUCT_NAME = "$(TARGET_NAME)";
			};
			name = Debug;
		};
		B88C446D1E9B36D00036B15E /* Release */ = {
			isa = XCBuildConfiguration;
			buildSettings = {
				ASSETCATALOG_COMPILER_APPICON_NAME = AppIcon;
				INFOPLIST_FILE = UIButton_ImageTitleSpacing/Info.plist;
				LD_RUNPATH_SEARCH_PATHS = "$(inherited) @executable_path/Frameworks";
				PRODUCT_BUNDLE_IDENTIFIER = "com.gavin.UIButton-ImageTitleSpacing";
				PRODUCT_NAME = "$(TARGET_NAME)";
			};
			name = Release;
		};
/* End XCBuildConfiguration section */

/* Begin XCConfigurationList section */
		B88C444F1E9B36D00036B15E /* Build configuration list for PBXProject "UIButton_ImageTitleSpacing" */ = {
			isa = XCConfigurationList;
			buildConfigurations = (
				B88C44691E9B36D00036B15E /* Debug */,
				B88C446A1E9B36D00036B15E /* Release */,
			);
			defaultConfigurationIsVisible = 0;
			defaultConfigurationName = Release;
		};
		B88C446B1E9B36D00036B15E /* Build configuration list for PBXNativeTarget "UIButton_ImageTitleSpacing" */ = {
			isa = XCConfigurationList;
			buildConfigurations = (
				B88C446C1E9B36D00036B15E /* Debug */,
				B88C446D1E9B36D00036B15E /* Release */,
			);
			defaultConfigurationIsVisible = 0;
		};
/* End XCConfigurationList section */
	};
	rootObject = B88C444C1E9B36D00036B15E /* Project object */;
}
